
Microsoft Visual Studio Solution File, Format Version 12.00
# Visual Studio 14
VisualStudioVersion = 14.0.23107.0
MinimumVisualStudioVersion = 10.0.40219.1
Project("{FAE04EC0-301F-11D3-BF4B-00C04F79EFBC}") = "BlobStorage-ASP.Net", "BlobStorage-ASP.Net\BlobStorage-ASP.Net.csproj", "{0C37ACFF-23DF-47D0-8180-46B53DD939A8}"
EndProject
Project("{FAE04EC0-301F-11D3-BF4B-00C04F79EFBC}") = "BlobStorage-UnitTest", "UnitTestProject1\BlobStorage-UnitTest.csproj", "{4792FFBF-9EF8-4AE6-A8D7-F9325AF8AD6B}"
EndProject
Global
	GlobalSection(SolutionConfigurationPlatforms) = preSolution
		Debug|Any CPU = Debug|Any CPU
		Debug|ARM = Debug|ARM
		Debug|x64 = Debug|x64
		Debug|x86 = Debug|x86
		Release|Any CPU = Release|Any CPU
		Release|ARM = Release|ARM
		Release|x64 = Release|x64
		Release|x86 = Release|x86
	EndGlobalSection
	GlobalSection(ProjectConfigurationPlatforms) = postSolution
		{0C37ACFF-23DF-47D0-8180-46B53DD939A8}.Debug|Any CPU.ActiveCfg = Debug|Any CPU
		{0C37ACFF-23DF-47D0-8180-46B53DD939A8}.Debug|Any CPU.Build.0 = Debug|Any CPU
		{0C37ACFF-23DF-47D0-8180-46B53DD939A8}.Debug|ARM.ActiveCfg = Debug|Any CPU
		{0C37ACFF-23DF-47D0-8180-46B53DD939A8}.Debug|ARM.Build.0 = Debug|Any CPU
		{0C37ACFF-23DF-47D0-8180-46B53DD939A8}.Debug|x64.ActiveCfg = Debug|Any CPU
		{0C37ACFF-23DF-47D0-8180-46B53DD939A8}.Debug|x64.Build.0 = Debug|Any CPU
		{0C37ACFF-23DF-47D0-8180-46B53DD939A8}.Debug|x86.ActiveCfg = Debug|Any CPU
		{0C37ACFF-23DF-47D0-8180-46B53DD939A8}.Debug|x86.Build.0 = Debug|Any CPU
		{0C37ACFF-23DF-47D0-8180-46B53DD939A8}.Release|Any CPU.ActiveCfg = Release|Any CPU
		{0C37ACFF-23DF-47D0-8180-46B53DD939A8}.Release|Any CPU.Build.0 = Release|Any CPU
		{0C37ACFF-23DF-47D0-8180-46B53DD939A8}.Release|ARM.ActiveCfg = Release|Any CPU
		{0C37ACFF-23DF-47D0-8180-46B53DD939A8}.Release|ARM.Build.0 = Release|Any CPU
		{0C37ACFF-23DF-47D0-8180-46B53DD939A8}.Release|x64.ActiveCfg = Release|Any CPU
		{0C37ACFF-23DF-47D0-8180-46B53DD939A8}.Release|x64.Build.0 = Release|Any CPU
		{0C37ACFF-23DF-47D0-8180-46B53DD939A8}.Release|x86.ActiveCfg = Release|Any CPU
		{0C37ACFF-23DF-47D0-8180-46B53DD939A8}.Release|x86.Build.0 = Release|Any CPU
		{4792FFBF-9EF8-4AE6-A8D7-F9325AF8AD6B}.Debug|Any CPU.ActiveCfg = Debug|Any CPU
		{4792FFBF-9EF8-4AE6-A8D7-F9325AF8AD6B}.Debug|Any CPU.Build.0 = Debug|Any CPU
		{4792FFBF-9EF8-4AE6-A8D7-F9325AF8AD6B}.Debug|ARM.ActiveCfg = Debug|Any CPU
		{4792FFBF-9EF8-4AE6-A8D7-F9325AF8AD6B}.Debug|ARM.Build.0 = Debug|Any CPU
		{4792FFBF-9EF8-4AE6-A8D7-F9325AF8AD6B}.Debug|x64.ActiveCfg = Debug|Any CPU
		{4792FFBF-9EF8-4AE6-A8D7-F9325AF8AD6B}.Debug|x64.Build.0 = Debug|Any CPU
		{4792FFBF-9EF8-4AE6-A8D7-F9325AF8AD6B}.Debug|x86.ActiveCfg = Debug|Any CPU
		{4792FFBF-9EF8-4AE6-A8D7-F9325AF8AD6B}.Debug|x86.Build.0 = Debug|Any CPU
		{4792FFBF-9EF8-4AE6-A8D7-F9325AF8AD6B}.Release|Any CPU.ActiveCfg = Release|Any CPU
		{4792FFBF-9EF8-4AE6-A8D7-F9325AF8AD6B}.Release|Any CPU.Build.0 = Release|Any CPU
		{4792FFBF-9EF8-4AE6-A8D7-F9325AF8AD6B}.Release|ARM.ActiveCfg = Release|Any CPU
		{4792FFBF-9EF8-4AE6-A8D7-F9325AF8AD6B}.Release|ARM.Build.0 = Release|Any CPU
		{4792FFBF-9EF8-4AE6-A8D7-F9325AF8AD6B}.Release|x64.ActiveCfg = Release|Any CPU
		{4792FFBF-9EF8-4AE6-A8D7-F9325AF8AD6B}.Release|x64.Build.0 = Release|Any CPU
		{4792FFBF-9EF8-4AE6-A8D7-F9325AF8AD6B}.Release|x86.ActiveCfg = Release|Any CPU
		{4792FFBF-9EF8-4AE6-A8D7-F9325AF8AD6B}.Release|x86.Build.0 = Release|Any CPU
	EndGlobalSection
	GlobalSection(SolutionProperties) = preSolution
		HideSolutionNode = FALSE
	EndGlobalSection
EndGlobal
